
Microsoft Visual Studio Solution File, Format Version 12.00
# Visual Studio Version 17
VisualStudioVersion = 17.5.33516.290
MinimumVisualStudioVersion = 10.0.40219.1
Project("{9A19103F-16F7-4668-BE54-9A1E7A4F7556}") = "File_System", "File_System\File_System.csproj", "{2EF7CD60-F16D-45D6-B586-CAA562E81E29}"
EndProject
Project("{FAE04EC0-301F-11D3-BF4B-00C04F79EFBC}") = "RegEx", "RegEx\RegEx.csproj", "{FCB56299-4836-4442-922F-DB7718B72067}"
EndProject
Global
	GlobalSection(SolutionConfigurationPlatforms) = preSolution
		Debug|Any CPU = Debug|Any CPU
		Release|Any CPU = Release|Any CPU
	EndGlobalSection
	GlobalSection(ProjectConfigurationPlatforms) = postSolution
		{2EF7CD60-F16D-45D6-B586-CAA562E81E29}.Debug|Any CPU.ActiveCfg = Debug|Any CPU
		{2EF7CD60-F16D-45D6-B586-CAA562E81E29}.Debug|Any CPU.Build.0 = Debug|Any CPU
		{2EF7CD60-F16D-45D6-B586-CAA562E81E29}.Release|Any CPU.ActiveCfg = Release|Any CPU
		{2EF7CD60-F16D-45D6-B586-CAA562E81E29}.Release|Any CPU.Build.0 = Release|Any CPU
		{FCB56299-4836-4442-922F-DB7718B72067}.Debug|Any CPU.ActiveCfg = Debug|Any CPU
		{FCB56299-4836-4442-922F-DB7718B72067}.Debug|Any CPU.Build.0 = Debug|Any CPU
		{FCB56299-4836-4442-922F-DB7718B72067}.Release|Any CPU.ActiveCfg = Release|Any CPU
		{FCB56299-4836-4442-922F-DB7718B72067}.Release|Any CPU.Build.0 = Release|Any CPU
	EndGlobalSection
	GlobalSection(SolutionProperties) = preSolution
		HideSolutionNode = FALSE
	EndGlobalSection
	GlobalSection(ExtensibilityGlobals) = postSolution
		SolutionGuid = {23495133-2186-42E2-A8B5-AB813B6D4627}
	EndGlobalSection
EndGlobal
